
Microsoft Visual Studio Solution File, Format Version 12.00
Project("{2150E333-8FDC-42A3-9474-1A3956D46DE8}") = "etc", "etc", "{EEE1F6BC-558C-42BD-B903-001F96257D18}"
	ProjectSection(SolutionItems) = preProject
		.gitignore = .gitignore
		README.md = README.md
	EndProjectSection
EndProject
Project("{2150E333-8FDC-42A3-9474-1A3956D46DE8}") = "src", "src", "{74FC8843-BE99-4FC1-949E-E5EC0FC85680}"
EndProject
Project("{FAE04EC0-301F-11D3-BF4B-00C04F79EFBC}") = "WebApi", "src\WebApi\WebApi.csproj", "{C3795181-0D99-4245-B35C-DCD8B35CF95B}"
EndProject
Global
	GlobalSection(SolutionConfigurationPlatforms) = preSolution
		Debug|Any CPU = Debug|Any CPU
		Release|Any CPU = Release|Any CPU
	EndGlobalSection
	GlobalSection(NestedProjects) = preSolution
		{C3795181-0D99-4245-B35C-DCD8B35CF95B} = {74FC8843-BE99-4FC1-949E-E5EC0FC85680}
	EndGlobalSection
	GlobalSection(ProjectConfigurationPlatforms) = postSolution
		{C3795181-0D99-4245-B35C-DCD8B35CF95B}.Debug|Any CPU.ActiveCfg = Debug|Any CPU
		{C3795181-0D99-4245-B35C-DCD8B35CF95B}.Debug|Any CPU.Build.0 = Debug|Any CPU
		{C3795181-0D99-4245-B35C-DCD8B35CF95B}.Release|Any CPU.ActiveCfg = Release|Any CPU
		{C3795181-0D99-4245-B35C-DCD8B35CF95B}.Release|Any CPU.Build.0 = Release|Any CPU
	EndGlobalSection
EndGlobal
